
Microsoft Visual Studio Solution File, Format Version 12.00
# Visual Studio Version 17
VisualStudioVersion = 17.4.33213.308
MinimumVisualStudioVersion = 10.0.40219.1
Project("{FAE04EC0-301F-11D3-BF4B-00C04F79EFBC}") = "BugSignal.Android", "BugSignal\BugSignal.Android\BugSignal.Android.csproj", "{0B371D1F-911B-4B0C-AE7F-4FCCD087ED6A}"
EndProject
Project("{FAE04EC0-301F-11D3-BF4B-00C04F79EFBC}") = "BugSignal", "BugSignal\BugSignal\BugSignal.csproj", "{A329E1EE-3DD4-4909-BAA4-159084C648E0}"
EndProject
Global
	GlobalSection(SolutionConfigurationPlatforms) = preSolution
		Debug|Any CPU = Debug|Any CPU
		Release|Any CPU = Release|Any CPU
	EndGlobalSection
	GlobalSection(ProjectConfigurationPlatforms) = postSolution
		{0B371D1F-911B-4B0C-AE7F-4FCCD087ED6A}.Debug|Any CPU.ActiveCfg = Debug|Any CPU
		{0B371D1F-911B-4B0C-AE7F-4FCCD087ED6A}.Debug|Any CPU.Build.0 = Debug|Any CPU
		{0B371D1F-911B-4B0C-AE7F-4FCCD087ED6A}.Debug|Any CPU.Deploy.0 = Debug|Any CPU
		{0B371D1F-911B-4B0C-AE7F-4FCCD087ED6A}.Release|Any CPU.ActiveCfg = Release|Any CPU
		{0B371D1F-911B-4B0C-AE7F-4FCCD087ED6A}.Release|Any CPU.Build.0 = Release|Any CPU
		{0B371D1F-911B-4B0C-AE7F-4FCCD087ED6A}.Release|Any CPU.Deploy.0 = Release|Any CPU
		{A329E1EE-3DD4-4909-BAA4-159084C648E0}.Debug|Any CPU.ActiveCfg = Debug|Any CPU
		{A329E1EE-3DD4-4909-BAA4-159084C648E0}.Debug|Any CPU.Build.0 = Debug|Any CPU
		{A329E1EE-3DD4-4909-BAA4-159084C648E0}.Debug|Any CPU.Deploy.0 = Debug|Any CPU
		{A329E1EE-3DD4-4909-BAA4-159084C648E0}.Release|Any CPU.ActiveCfg = Release|Any CPU
		{A329E1EE-3DD4-4909-BAA4-159084C648E0}.Release|Any CPU.Build.0 = Release|Any CPU
		{A329E1EE-3DD4-4909-BAA4-159084C648E0}.Release|Any CPU.Deploy.0 = Release|Any CPU
	EndGlobalSection
	GlobalSection(SolutionProperties) = preSolution
		HideSolutionNode = FALSE
	EndGlobalSection
	GlobalSection(ExtensibilityGlobals) = postSolution
		SolutionGuid = {BC96D44C-93E2-45E9-9E1E-CA0589362DD8}
	EndGlobalSection
EndGlobal
